
Microsoft Visual Studio Solution File, Format Version 12.00
# Visual Studio Version 17
VisualStudioVersion = 17.9.34723.18
MinimumVisualStudioVersion = 10.0.40219.1
Project("{FAE04EC0-301F-11D3-BF4B-00C04F79EFBC}") = "Albumss", "Albumss\Albumss.csproj", "{D45F35D3-251C-4351-BCF0-DB7D3986C19A}"
EndProject
Project("{FAE04EC0-301F-11D3-BF4B-00C04F79EFBC}") = "DB", "DB\DB.csproj", "{883EB268-5EEE-4BF0-A2E4-0DBB3D40B941}"
EndProject
Global
	GlobalSection(SolutionConfigurationPlatforms) = preSolution
		Debug|Any CPU = Debug|Any CPU
		Release|Any CPU = Release|Any CPU
	EndGlobalSection
	GlobalSection(ProjectConfigurationPlatforms) = postSolution
		{D45F35D3-251C-4351-BCF0-DB7D3986C19A}.Debug|Any CPU.ActiveCfg = Debug|Any CPU
		{D45F35D3-251C-4351-BCF0-DB7D3986C19A}.Debug|Any CPU.Build.0 = Debug|Any CPU
		{D45F35D3-251C-4351-BCF0-DB7D3986C19A}.Release|Any CPU.ActiveCfg = Release|Any CPU
		{D45F35D3-251C-4351-BCF0-DB7D3986C19A}.Release|Any CPU.Build.0 = Release|Any CPU
		{883EB268-5EEE-4BF0-A2E4-0DBB3D40B941}.Debug|Any CPU.ActiveCfg = Debug|Any CPU
		{883EB268-5EEE-4BF0-A2E4-0DBB3D40B941}.Debug|Any CPU.Build.0 = Debug|Any CPU
		{883EB268-5EEE-4BF0-A2E4-0DBB3D40B941}.Release|Any CPU.ActiveCfg = Release|Any CPU
		{883EB268-5EEE-4BF0-A2E4-0DBB3D40B941}.Release|Any CPU.Build.0 = Release|Any CPU
	EndGlobalSection
	GlobalSection(SolutionProperties) = preSolution
		HideSolutionNode = FALSE
	EndGlobalSection
	GlobalSection(ExtensibilityGlobals) = postSolution
		SolutionGuid = {7E50E29C-124B-4BE1-B71B-C3E95F78F4BD}
	EndGlobalSection
EndGlobal
