
Microsoft Visual Studio Solution File, Format Version 12.00
# Visual Studio Version 17
VisualStudioVersion = 17.9.34723.18
MinimumVisualStudioVersion = 10.0.40219.1
Project("{FAE04EC0-301F-11D3-BF4B-00C04F79EFBC}") = "Actualizacion", "Actualizacion\Actualizacion.csproj", "{0BA123C8-BD19-4017-A98D-FBEAD6F1B7EB}"
EndProject
Global
	GlobalSection(SolutionConfigurationPlatforms) = preSolution
		Debug|Any CPU = Debug|Any CPU
		Release|Any CPU = Release|Any CPU
	EndGlobalSection
	GlobalSection(ProjectConfigurationPlatforms) = postSolution
		{0BA123C8-BD19-4017-A98D-FBEAD6F1B7EB}.Debug|Any CPU.ActiveCfg = Debug|Any CPU
		{0BA123C8-BD19-4017-A98D-FBEAD6F1B7EB}.Debug|Any CPU.Build.0 = Debug|Any CPU
		{0BA123C8-BD19-4017-A98D-FBEAD6F1B7EB}.Release|Any CPU.ActiveCfg = Release|Any CPU
		{0BA123C8-BD19-4017-A98D-FBEAD6F1B7EB}.Release|Any CPU.Build.0 = Release|Any CPU
	EndGlobalSection
	GlobalSection(SolutionProperties) = preSolution
		HideSolutionNode = FALSE
	EndGlobalSection
	GlobalSection(ExtensibilityGlobals) = postSolution
		SolutionGuid = {64C7AA5F-F4DF-4BD1-BE66-6EC7B28A6704}
	EndGlobalSection
EndGlobal
